
Microsoft Visual Studio Solution File, Format Version 12.00
# Visual Studio 15
VisualStudioVersion = 15.0.28307.1738
MinimumVisualStudioVersion = 10.0.40219.1
Project("{FAE04EC0-301F-11D3-BF4B-00C04F79EFBC}") = "Vidly_MVC", "Vidly_MVC\Vidly_MVC.csproj", "{8654BD32-3074-49C0-9EAE-22F51FD8F905}"
EndProject
Global
	GlobalSection(SolutionConfigurationPlatforms) = preSolution
		Debug|Any CPU = Debug|Any CPU
		Release|Any CPU = Release|Any CPU
	EndGlobalSection
	GlobalSection(ProjectConfigurationPlatforms) = postSolution
		{8654BD32-3074-49C0-9EAE-22F51FD8F905}.Debug|Any CPU.ActiveCfg = Debug|Any CPU
		{8654BD32-3074-49C0-9EAE-22F51FD8F905}.Debug|Any CPU.Build.0 = Debug|Any CPU
		{8654BD32-3074-49C0-9EAE-22F51FD8F905}.Release|Any CPU.ActiveCfg = Release|Any CPU
		{8654BD32-3074-49C0-9EAE-22F51FD8F905}.Release|Any CPU.Build.0 = Release|Any CPU
	EndGlobalSection
	GlobalSection(SolutionProperties) = preSolution
		HideSolutionNode = FALSE
	EndGlobalSection
	GlobalSection(ExtensibilityGlobals) = postSolution
		SolutionGuid = {F898CA47-7E22-4FEF-B485-1B9DCF20AD16}
	EndGlobalSection
EndGlobal
